
Microsoft Visual Studio Solution File, Format Version 12.00
# Visual Studio Version 17
VisualStudioVersion = 17.0.31903.59
MinimumVisualStudioVersion = 10.0.40219.1
Project("{2150E333-8FDC-42A3-9474-1A3956D46DE8}") = "src", "src", "{827E0CD3-B72D-47B6-A68D-7590B98EB39B}"
EndProject
Project("{FAE04EC0-301F-11D3-BF4B-00C04F79EFBC}") = "Freiroute.Aplicacion", "src\Freiroute.Aplicacion\Freiroute.Aplicacion.csproj", "{29EAAC4D-920F-4FDD-895D-5956CA60B458}"
EndProject
Project("{FAE04EC0-301F-11D3-BF4B-00C04F79EFBC}") = "Freiroute.API", "src\Freiroute.API\Freiroute.API.csproj", "{D060D468-CD36-4F58-966B-AC57512B9B16}"
EndProject
Project("{FAE04EC0-301F-11D3-BF4B-00C04F79EFBC}") = "Freiroute.BLL", "src\Freiroute.BLL\Freiroute.BLL.csproj", "{EC1CE7AB-CF10-46F3-812E-93E9CA03EBDF}"
EndProject
Project("{FAE04EC0-301F-11D3-BF4B-00C04F79EFBC}") = "Freiroute.DAL", "src\Freiroute.DAL\Freiroute.DAL.csproj", "{3EA139CB-0CA7-4475-9F6A-DA5502092461}"
EndProject
Project("{FAE04EC0-301F-11D3-BF4B-00C04F79EFBC}") = "Freiroute.Entity", "src\Freiroute.Entity\Freiroute.Entity.csproj", "{A2B24351-1105-4A98-9708-7C955AC815D7}"
EndProject
Project("{FAE04EC0-301F-11D3-BF4B-00C04F79EFBC}") = "Freiroute.DTO", "src\Freiroute.DTO\Freiroute.DTO.csproj", "{52B30538-2CB3-4F14-A550-4238C6355766}"
EndProject
Project("{FAE04EC0-301F-11D3-BF4B-00C04F79EFBC}") = "Freiroute.IOC", "src\Freiroute.IOC\Freiroute.IOC.csproj", "{31F705B8-2A55-4B38-95A7-0B74DC6ED8DC}"
EndProject
Project("{FAE04EC0-301F-11D3-BF4B-00C04F79EFBC}") = "Freiroute.Utility", "src\Freiroute.Utility\Freiroute.Utility.csproj", "{2DDBB5B9-8CBF-4357-9444-5A19E8D4D9EA}"
EndProject
Project("{2150E333-8FDC-42A3-9474-1A3956D46DE8}") = "tests", "tests", "{0AB3BF05-4346-4AA6-1389-037BE0695223}"
EndProject
Project("{FAE04EC0-301F-11D3-BF4B-00C04F79EFBC}") = "Freiroute.BLL.Tests", "tests\Freiroute.BLL.Tests\Freiroute.BLL.Tests.csproj", "{6977969B-C8A6-4FAF-9948-23E26AD49198}"
EndProject
Project("{FAE04EC0-301F-11D3-BF4B-00C04F79EFBC}") = "Freiroute.API.Tests", "tests\Freiroute.API.Tests\Freiroute.API.Tests.csproj", "{E2886F51-D7DD-4212-A180-BBA996039646}"
EndProject
Global
	GlobalSection(SolutionConfigurationPlatforms) = preSolution
		Debug|Any CPU = Debug|Any CPU
		Debug|x64 = Debug|x64
		Debug|x86 = Debug|x86
		Release|Any CPU = Release|Any CPU
		Release|x64 = Release|x64
		Release|x86 = Release|x86
	EndGlobalSection
	GlobalSection(ProjectConfigurationPlatforms) = postSolution
		{29EAAC4D-920F-4FDD-895D-5956CA60B458}.Debug|Any CPU.ActiveCfg = Debug|Any CPU
		{29EAAC4D-920F-4FDD-895D-5956CA60B458}.Debug|Any CPU.Build.0 = Debug|Any CPU
		{29EAAC4D-920F-4FDD-895D-5956CA60B458}.Debug|x64.ActiveCfg = Debug|Any CPU
		{29EAAC4D-920F-4FDD-895D-5956CA60B458}.Debug|x64.Build.0 = Debug|Any CPU
		{29EAAC4D-920F-4FDD-895D-5956CA60B458}.Debug|x86.ActiveCfg = Debug|Any CPU
		{29EAAC4D-920F-4FDD-895D-5956CA60B458}.Debug|x86.Build.0 = Debug|Any CPU
		{29EAAC4D-920F-4FDD-895D-5956CA60B458}.Release|Any CPU.ActiveCfg = Release|Any CPU
		{29EAAC4D-920F-4FDD-895D-5956CA60B458}.Release|Any CPU.Build.0 = Release|Any CPU
		{29EAAC4D-920F-4FDD-895D-5956CA60B458}.Release|x64.ActiveCfg = Release|Any CPU
		{29EAAC4D-920F-4FDD-895D-5956CA60B458}.Release|x64.Build.0 = Release|Any CPU
		{29EAAC4D-920F-4FDD-895D-5956CA60B458}.Release|x86.ActiveCfg = Release|Any CPU
		{29EAAC4D-920F-4FDD-895D-5956CA60B458}.Release|x86.Build.0 = Release|Any CPU
		{D060D468-CD36-4F58-966B-AC57512B9B16}.Debug|Any CPU.ActiveCfg = Debug|Any CPU
		{D060D468-CD36-4F58-966B-AC57512B9B16}.Debug|Any CPU.Build.0 = Debug|Any CPU
		{D060D468-CD36-4F58-966B-AC57512B9B16}.Debug|x64.ActiveCfg = Debug|Any CPU
		{D060D468-CD36-4F58-966B-AC57512B9B16}.Debug|x64.Build.0 = Debug|Any CPU
		{D060D468-CD36-4F58-966B-AC57512B9B16}.Debug|x86.ActiveCfg = Debug|Any CPU
		{D060D468-CD36-4F58-966B-AC57512B9B16}.Debug|x86.Build.0 = Debug|Any CPU
		{D060D468-CD36-4F58-966B-AC57512B9B16}.Release|Any CPU.ActiveCfg = Release|Any CPU
		{D060D468-CD36-4F58-966B-AC57512B9B16}.Release|Any CPU.Build.0 = Release|Any CPU
		{D060D468-CD36-4F58-966B-AC57512B9B16}.Release|x64.ActiveCfg = Release|Any CPU
		{D060D468-CD36-4F58-966B-AC57512B9B16}.Release|x64.Build.0 = Release|Any CPU
		{D060D468-CD36-4F58-966B-AC57512B9B16}.Release|x86.ActiveCfg = Release|Any CPU
		{D060D468-CD36-4F58-966B-AC57512B9B16}.Release|x86.Build.0 = Release|Any CPU
		{EC1CE7AB-CF10-46F3-812E-93E9CA03EBDF}.Debug|Any CPU.ActiveCfg = Debug|Any CPU
		{EC1CE7AB-CF10-46F3-812E-93E9CA03EBDF}.Debug|Any CPU.Build.0 = Debug|Any CPU
		{EC1CE7AB-CF10-46F3-812E-93E9CA03EBDF}.Debug|x64.ActiveCfg = Debug|Any CPU
		{EC1CE7AB-CF10-46F3-812E-93E9CA03EBDF}.Debug|x64.Build.0 = Debug|Any CPU
		{EC1CE7AB-CF10-46F3-812E-93E9CA03EBDF}.Debug|x86.ActiveCfg = Debug|Any CPU
		{EC1CE7AB-CF10-46F3-812E-93E9CA03EBDF}.Debug|x86.Build.0 = Debug|Any CPU
		{EC1CE7AB-CF10-46F3-812E-93E9CA03EBDF}.Release|Any CPU.ActiveCfg = Release|Any CPU
		{EC1CE7AB-CF10-46F3-812E-93E9CA03EBDF}.Release|Any CPU.Build.0 = Release|Any CPU
		{EC1CE7AB-CF10-46F3-812E-93E9CA03EBDF}.Release|x64.ActiveCfg = Release|Any CPU
		{EC1CE7AB-CF10-46F3-812E-93E9CA03EBDF}.Release|x64.Build.0 = Release|Any CPU
		{EC1CE7AB-CF10-46F3-812E-93E9CA03EBDF}.Release|x86.ActiveCfg = Release|Any CPU
		{EC1CE7AB-CF10-46F3-812E-93E9CA03EBDF}.Release|x86.Build.0 = Release|Any CPU
		{3EA139CB-0CA7-4475-9F6A-DA5502092461}.Debug|Any CPU.ActiveCfg = Debug|Any CPU
		{3EA139CB-0CA7-4475-9F6A-DA5502092461}.Debug|Any CPU.Build.0 = Debug|Any CPU
		{3EA139CB-0CA7-4475-9F6A-DA5502092461}.Debug|x64.ActiveCfg = Debug|Any CPU
		{3EA139CB-0CA7-4475-9F6A-DA5502092461}.Debug|x64.Build.0 = Debug|Any CPU
		{3EA139CB-0CA7-4475-9F6A-DA5502092461}.Debug|x86.ActiveCfg = Debug|Any CPU
		{3EA139CB-0CA7-4475-9F6A-DA5502092461}.Debug|x86.Build.0 = Debug|Any CPU
		{3EA139CB-0CA7-4475-9F6A-DA5502092461}.Release|Any CPU.ActiveCfg = Release|Any CPU
		{3EA139CB-0CA7-4475-9F6A-DA5502092461}.Release|Any CPU.Build.0 = Release|Any CPU
		{3EA139CB-0CA7-4475-9F6A-DA5502092461}.Release|x64.ActiveCfg = Release|Any CPU
		{3EA139CB-0CA7-4475-9F6A-DA5502092461}.Release|x64.Build.0 = Release|Any CPU
		{3EA139CB-0CA7-4475-9F6A-DA5502092461}.Release|x86.ActiveCfg = Release|Any CPU
		{3EA139CB-0CA7-4475-9F6A-DA5502092461}.Release|x86.Build.0 = Release|Any CPU
		{A2B24351-1105-4A98-9708-7C955AC815D7}.Debug|Any CPU.ActiveCfg = Debug|Any CPU
		{A2B24351-1105-4A98-9708-7C955AC815D7}.Debug|Any CPU.Build.0 = Debug|Any CPU
		{A2B24351-1105-4A98-9708-7C955AC815D7}.Debug|x64.ActiveCfg = Debug|Any CPU
		{A2B24351-1105-4A98-9708-7C955AC815D7}.Debug|x64.Build.0 = Debug|Any CPU
		{A2B24351-1105-4A98-9708-7C955AC815D7}.Debug|x86.ActiveCfg = Debug|Any CPU
		{A2B24351-1105-4A98-9708-7C955AC815D7}.Debug|x86.Build.0 = Debug|Any CPU
		{A2B24351-1105-4A98-9708-7C955AC815D7}.Release|Any CPU.ActiveCfg = Release|Any CPU
		{A2B24351-1105-4A98-9708-7C955AC815D7}.Release|Any CPU.Build.0 = Release|Any CPU
		{A2B24351-1105-4A98-9708-7C955AC815D7}.Release|x64.ActiveCfg = Release|Any CPU
		{A2B24351-1105-4A98-9708-7C955AC815D7}.Release|x64.Build.0 = Release|Any CPU
		{A2B24351-1105-4A98-9708-7C955AC815D7}.Release|x86.ActiveCfg = Release|Any CPU
		{A2B24351-1105-4A98-9708-7C955AC815D7}.Release|x86.Build.0 = Release|Any CPU
		{52B30538-2CB3-4F14-A550-4238C6355766}.Debug|Any CPU.ActiveCfg = Debug|Any CPU
		{52B30538-2CB3-4F14-A550-4238C6355766}.Debug|Any CPU.Build.0 = Debug|Any CPU
		{52B30538-2CB3-4F14-A550-4238C6355766}.Debug|x64.ActiveCfg = Debug|Any CPU
		{52B30538-2CB3-4F14-A550-4238C6355766}.Debug|x64.Build.0 = Debug|Any CPU
		{52B30538-2CB3-4F14-A550-4238C6355766}.Debug|x86.ActiveCfg = Debug|Any CPU
		{52B30538-2CB3-4F14-A550-4238C6355766}.Debug|x86.Build.0 = Debug|Any CPU
		{52B30538-2CB3-4F14-A550-4238C6355766}.Release|Any CPU.ActiveCfg = Release|Any CPU
		{52B30538-2CB3-4F14-A550-4238C6355766}.Release|Any CPU.Build.0 = Release|Any CPU
		{52B30538-2CB3-4F14-A550-4238C6355766}.Release|x64.ActiveCfg = Release|Any CPU
		{52B30538-2CB3-4F14-A550-4238C6355766}.Release|x64.Build.0 = Release|Any CPU
		{52B30538-2CB3-4F14-A550-4238C6355766}.Release|x86.ActiveCfg = Release|Any CPU
		{52B30538-2CB3-4F14-A550-4238C6355766}.Release|x86.Build.0 = Release|Any CPU
		{31F705B8-2A55-4B38-95A7-0B74DC6ED8DC}.Debug|Any CPU.ActiveCfg = Debug|Any CPU
		{31F705B8-2A55-4B38-95A7-0B74DC6ED8DC}.Debug|Any CPU.Build.0 = Debug|Any CPU
		{31F705B8-2A55-4B38-95A7-0B74DC6ED8DC}.Debug|x64.ActiveCfg = Debug|Any CPU
		{31F705B8-2A55-4B38-95A7-0B74DC6ED8DC}.Debug|x64.Build.0 = Debug|Any CPU
		{31F705B8-2A55-4B38-95A7-0B74DC6ED8DC}.Debug|x86.ActiveCfg = Debug|Any CPU
		{31F705B8-2A55-4B38-95A7-0B74DC6ED8DC}.Debug|x86.Build.0 = Debug|Any CPU
		{31F705B8-2A55-4B38-95A7-0B74DC6ED8DC}.Release|Any CPU.ActiveCfg = Release|Any CPU
		{31F705B8-2A55-4B38-95A7-0B74DC6ED8DC}.Release|Any CPU.Build.0 = Release|Any CPU
		{31F705B8-2A55-4B38-95A7-0B74DC6ED8DC}.Release|x64.ActiveCfg = Release|Any CPU
		{31F705B8-2A55-4B38-95A7-0B74DC6ED8DC}.Release|x64.Build.0 = Release|Any CPU
		{31F705B8-2A55-4B38-95A7-0B74DC6ED8DC}.Release|x86.ActiveCfg = Release|Any CPU
		{31F705B8-2A55-4B38-95A7-0B74DC6ED8DC}.Release|x86.Build.0 = Release|Any CPU
		{2DDBB5B9-8CBF-4357-9444-5A19E8D4D9EA}.Debug|Any CPU.ActiveCfg = Debug|Any CPU
		{2DDBB5B9-8CBF-4357-9444-5A19E8D4D9EA}.Debug|Any CPU.Build.0 = Debug|Any CPU
		{2DDBB5B9-8CBF-4357-9444-5A19E8D4D9EA}.Debug|x64.ActiveCfg = Debug|Any CPU
		{2DDBB5B9-8CBF-4357-9444-5A19E8D4D9EA}.Debug|x64.Build.0 = Debug|Any CPU
		{2DDBB5B9-8CBF-4357-9444-5A19E8D4D9EA}.Debug|x86.ActiveCfg = Debug|Any CPU
		{2DDBB5B9-8CBF-4357-9444-5A19E8D4D9EA}.Debug|x86.Build.0 = Debug|Any CPU
		{2DDBB5B9-8CBF-4357-9444-5A19E8D4D9EA}.Release|Any CPU.ActiveCfg = Release|Any CPU
		{2DDBB5B9-8CBF-4357-9444-5A19E8D4D9EA}.Release|Any CPU.Build.0 = Release|Any CPU
		{2DDBB5B9-8CBF-4357-9444-5A19E8D4D9EA}.Release|x64.ActiveCfg = Release|Any CPU
		{2DDBB5B9-8CBF-4357-9444-5A19E8D4D9EA}.Release|x64.Build.0 = Release|Any CPU
		{2DDBB5B9-8CBF-4357-9444-5A19E8D4D9EA}.Release|x86.ActiveCfg = Release|Any CPU
		{2DDBB5B9-8CBF-4357-9444-5A19E8D4D9EA}.Release|x86.Build.0 = Release|Any CPU
		{6977969B-C8A6-4FAF-9948-23E26AD49198}.Debug|Any CPU.ActiveCfg = Debug|Any CPU
		{6977969B-C8A6-4FAF-9948-23E26AD49198}.Debug|Any CPU.Build.0 = Debug|Any CPU
		{6977969B-C8A6-4FAF-9948-23E26AD49198}.Debug|x64.ActiveCfg = Debug|Any CPU
		{6977969B-C8A6-4FAF-9948-23E26AD49198}.Debug|x64.Build.0 = Debug|Any CPU
		{6977969B-C8A6-4FAF-9948-23E26AD49198}.Debug|x86.ActiveCfg = Debug|Any CPU
		{6977969B-C8A6-4FAF-9948-23E26AD49198}.Debug|x86.Build.0 = Debug|Any CPU
		{6977969B-C8A6-4FAF-9948-23E26AD49198}.Release|Any CPU.ActiveCfg = Release|Any CPU
		{6977969B-C8A6-4FAF-9948-23E26AD49198}.Release|Any CPU.Build.0 = Release|Any CPU
		{6977969B-C8A6-4FAF-9948-23E26AD49198}.Release|x64.ActiveCfg = Release|Any CPU
		{6977969B-C8A6-4FAF-9948-23E26AD49198}.Release|x64.Build.0 = Release|Any CPU
		{6977969B-C8A6-4FAF-9948-23E26AD49198}.Release|x86.ActiveCfg = Release|Any CPU
		{6977969B-C8A6-4FAF-9948-23E26AD49198}.Release|x86.Build.0 = Release|Any CPU
		{E2886F51-D7DD-4212-A180-BBA996039646}.Debug|Any CPU.ActiveCfg = Debug|Any CPU
		{E2886F51-D7DD-4212-A180-BBA996039646}.Debug|Any CPU.Build.0 = Debug|Any CPU
		{E2886F51-D7DD-4212-A180-BBA996039646}.Debug|x64.ActiveCfg = Debug|Any CPU
		{E2886F51-D7DD-4212-A180-BBA996039646}.Debug|x64.Build.0 = Debug|Any CPU
		{E2886F51-D7DD-4212-A180-BBA996039646}.Debug|x86.ActiveCfg = Debug|Any CPU
		{E2886F51-D7DD-4212-A180-BBA996039646}.Debug|x86.Build.0 = Debug|Any CPU
		{E2886F51-D7DD-4212-A180-BBA996039646}.Release|Any CPU.ActiveCfg = Release|Any CPU
		{E2886F51-D7DD-4212-A180-BBA996039646}.Release|Any CPU.Build.0 = Release|Any CPU
		{E2886F51-D7DD-4212-A180-BBA996039646}.Release|x64.ActiveCfg = Release|Any CPU
		{E2886F51-D7DD-4212-A180-BBA996039646}.Release|x64.Build.0 = Release|Any CPU
		{E2886F51-D7DD-4212-A180-BBA996039646}.Release|x86.ActiveCfg = Release|Any CPU
		{E2886F51-D7DD-4212-A180-BBA996039646}.Release|x86.Build.0 = Release|Any CPU
	EndGlobalSection
	GlobalSection(SolutionProperties) = preSolution
		HideSolutionNode = FALSE
	EndGlobalSection
	GlobalSection(NestedProjects) = preSolution
		{29EAAC4D-920F-4FDD-895D-5956CA60B458} = {827E0CD3-B72D-47B6-A68D-7590B98EB39B}
		{D060D468-CD36-4F58-966B-AC57512B9B16} = {827E0CD3-B72D-47B6-A68D-7590B98EB39B}
		{EC1CE7AB-CF10-46F3-812E-93E9CA03EBDF} = {827E0CD3-B72D-47B6-A68D-7590B98EB39B}
		{3EA139CB-0CA7-4475-9F6A-DA5502092461} = {827E0CD3-B72D-47B6-A68D-7590B98EB39B}
		{A2B24351-1105-4A98-9708-7C955AC815D7} = {827E0CD3-B72D-47B6-A68D-7590B98EB39B}
		{52B30538-2CB3-4F14-A550-4238C6355766} = {827E0CD3-B72D-47B6-A68D-7590B98EB39B}
		{31F705B8-2A55-4B38-95A7-0B74DC6ED8DC} = {827E0CD3-B72D-47B6-A68D-7590B98EB39B}
		{2DDBB5B9-8CBF-4357-9444-5A19E8D4D9EA} = {827E0CD3-B72D-47B6-A68D-7590B98EB39B}
		{6977969B-C8A6-4FAF-9948-23E26AD49198} = {0AB3BF05-4346-4AA6-1389-037BE0695223}
		{E2886F51-D7DD-4212-A180-BBA996039646} = {0AB3BF05-4346-4AA6-1389-037BE0695223}
	EndGlobalSection
EndGlobal
